
Microsoft Visual Studio Solution File, Format Version 12.00
# Visual Studio Version 16
VisualStudioVersion = 16.0.29123.88
MinimumVisualStudioVersion = 10.0.40219.1
Project("{9A19103F-16F7-4668-BE54-9A1E7A4F7556}") = "ConsistentApiResponseErrors", "ConsistentApiResponseErrors\ConsistentApiResponseErrors.csproj", "{EC9D3DD6-A8F0-496E-8E76-EF9087A4E876}"
EndProject
Project("{FAE04EC0-301F-11D3-BF4B-00C04F79EFBC}") = "ConsistentApiResponseErrors.xUnit", "ConsistentApiResponseErrors.xUnit\ConsistentApiResponseErrors.xUnit.csproj", "{44E08CAA-B783-4777-B420-7F9A24A39886}"
EndProject
Global
	GlobalSection(SolutionConfigurationPlatforms) = preSolution
		Debug|Any CPU = Debug|Any CPU
		Release|Any CPU = Release|Any CPU
	EndGlobalSection
	GlobalSection(ProjectConfigurationPlatforms) = postSolution
		{EC9D3DD6-A8F0-496E-8E76-EF9087A4E876}.Debug|Any CPU.ActiveCfg = Debug|Any CPU
		{EC9D3DD6-A8F0-496E-8E76-EF9087A4E876}.Debug|Any CPU.Build.0 = Debug|Any CPU
		{EC9D3DD6-A8F0-496E-8E76-EF9087A4E876}.Release|Any CPU.ActiveCfg = Release|Any CPU
		{EC9D3DD6-A8F0-496E-8E76-EF9087A4E876}.Release|Any CPU.Build.0 = Release|Any CPU
		{44E08CAA-B783-4777-B420-7F9A24A39886}.Debug|Any CPU.ActiveCfg = Debug|Any CPU
		{44E08CAA-B783-4777-B420-7F9A24A39886}.Debug|Any CPU.Build.0 = Debug|Any CPU
		{44E08CAA-B783-4777-B420-7F9A24A39886}.Release|Any CPU.ActiveCfg = Release|Any CPU
		{44E08CAA-B783-4777-B420-7F9A24A39886}.Release|Any CPU.Build.0 = Release|Any CPU
	EndGlobalSection
	GlobalSection(SolutionProperties) = preSolution
		HideSolutionNode = FALSE
	EndGlobalSection
	GlobalSection(ExtensibilityGlobals) = postSolution
		SolutionGuid = {1937F465-81E0-43DF-9E08-D1024ADE0FC4}
	EndGlobalSection
EndGlobal
